
Microsoft Visual Studio Solution File, Format Version 12.00
# Visual Studio Version 17
VisualStudioVersion = 17.9.34622.214
MinimumVisualStudioVersion = 10.0.40219.1
Project("{9A19103F-16F7-4668-BE54-9A1E7A4F7556}") = "TrainingAPi", "TrainingAPi\TrainingAPi.csproj", "{AE826E7A-F362-4A7A-8394-1FACC830D33E}"
EndProject
Project("{FAE04EC0-301F-11D3-BF4B-00C04F79EFBC}") = "TrainingApiDAL", "TrainingApiDAL\TrainingApiDAL.csproj", "{B1B9033A-D870-4D60-B160-0598C4D9E8C6}"
EndProject
Global
	GlobalSection(SolutionConfigurationPlatforms) = preSolution
		Debug|Any CPU = Debug|Any CPU
		Release|Any CPU = Release|Any CPU
	EndGlobalSection
	GlobalSection(ProjectConfigurationPlatforms) = postSolution
		{AE826E7A-F362-4A7A-8394-1FACC830D33E}.Debug|Any CPU.ActiveCfg = Debug|Any CPU
		{AE826E7A-F362-4A7A-8394-1FACC830D33E}.Debug|Any CPU.Build.0 = Debug|Any CPU
		{AE826E7A-F362-4A7A-8394-1FACC830D33E}.Release|Any CPU.ActiveCfg = Release|Any CPU
		{AE826E7A-F362-4A7A-8394-1FACC830D33E}.Release|Any CPU.Build.0 = Release|Any CPU
		{B1B9033A-D870-4D60-B160-0598C4D9E8C6}.Debug|Any CPU.ActiveCfg = Debug|Any CPU
		{B1B9033A-D870-4D60-B160-0598C4D9E8C6}.Debug|Any CPU.Build.0 = Debug|Any CPU
		{B1B9033A-D870-4D60-B160-0598C4D9E8C6}.Release|Any CPU.ActiveCfg = Release|Any CPU
		{B1B9033A-D870-4D60-B160-0598C4D9E8C6}.Release|Any CPU.Build.0 = Release|Any CPU
	EndGlobalSection
	GlobalSection(SolutionProperties) = preSolution
		HideSolutionNode = FALSE
	EndGlobalSection
	GlobalSection(ExtensibilityGlobals) = postSolution
		SolutionGuid = {08C6E2D8-8D99-41B7-8BC2-BF9231790BA6}
	EndGlobalSection
EndGlobal
